
Microsoft Visual Studio Solution File, Format Version 11.00
# Visual Studio 2010
Project("{FAE04EC0-301F-11D3-BF4B-00C04F79EFBC}") = "Demo", "Demo\Demo.csproj", "{B95163A6-2918-4A5E-B378-CF714E01B6D4}"
EndProject
Global
	GlobalSection(SolutionConfigurationPlatforms) = preSolution
		Debug|x86 = Debug|x86
		Release|x86 = Release|x86
	EndGlobalSection
	GlobalSection(ProjectConfigurationPlatforms) = postSolution
		{B95163A6-2918-4A5E-B378-CF714E01B6D4}.Debug|x86.ActiveCfg = Debug|x86
		{B95163A6-2918-4A5E-B378-CF714E01B6D4}.Debug|x86.Build.0 = Debug|x86
		{B95163A6-2918-4A5E-B378-CF714E01B6D4}.Release|x86.ActiveCfg = Release|x86
		{B95163A6-2918-4A5E-B378-CF714E01B6D4}.Release|x86.Build.0 = Release|x86
	EndGlobalSection
	GlobalSection(SolutionProperties) = preSolution
		HideSolutionNode = FALSE
	EndGlobalSection
EndGlobal
